{
  "nodes": {
    "cradle": {
      "flake": false,
      "locked": {
        "lastModified": 1759779411,
        "narHash": "sha256-wg1/WMu624PQuzrSEE2SP31AbzrIQmUZm4dcCQ/yvYk=",
        "owner": "garnix-io",
        "repo": "cradle",
        "rev": "711c441fa8f190a8964c56a3bae864cd5321c5c5",
        "type": "github"
      },
      "original": {
        "owner": "garnix-io",
        "repo": "cradle",
        "rev": "711c441fa8f190a8964c56a3bae864cd5321c5c5",
        "type": "github"
      }
    },
    "nixpkgs": {
      "locked": {
        "lastModified": 1780243769,
        "narHash": "sha256-x5UQuRsH3MqI0U9afaXSNqzTPSeZlRLvFAav2Ux1pNw=",
        "owner": "NixOS",
        "repo": "nixpkgs",
        "rev": "331800de5053fcebacf6813adb5db9c9dca22a0c",
        "type": "github"
      },
      "original": {
        "owner": "NixOS",
        "ref": "nixos-unstable",
        "repo": "nixpkgs",
        "type": "github"
      }
    },
    "root": {
      "inputs": {
        "cradle": "cradle",
        "nixpkgs": "nixpkgs"
      }
    }
  },
  "root": "root",
  "version": 7
}
